
Microsoft Visual Studio Solution File, Format Version 12.00
# Visual Studio Version 16
VisualStudioVersion = 16.0.30011.22
MinimumVisualStudioVersion = 10.0.40219.1
Project("{FAE04EC0-301F-11D3-BF4B-00C04F79EFBC}") = "AutoCatalog", "AutoCatalog.csproj", "{71DB70E0-E803-42B0-ADBB-D2992BD11E43}"
EndProject
Global
	GlobalSection(SolutionConfigurationPlatforms) = preSolution
		Debug|Any CPU = Debug|Any CPU
		Release|Any CPU = Release|Any CPU
	EndGlobalSection
	GlobalSection(ProjectConfigurationPlatforms) = postSolution
		{71DB70E0-E803-42B0-ADBB-D2992BD11E43}.Debug|Any CPU.ActiveCfg = Debug|Any CPU
		{71DB70E0-E803-42B0-ADBB-D2992BD11E43}.Debug|Any CPU.Build.0 = Debug|Any CPU
		{71DB70E0-E803-42B0-ADBB-D2992BD11E43}.Release|Any CPU.ActiveCfg = Release|Any CPU
		{71DB70E0-E803-42B0-ADBB-D2992BD11E43}.Release|Any CPU.Build.0 = Release|Any CPU
	EndGlobalSection
	GlobalSection(SolutionProperties) = preSolution
		HideSolutionNode = FALSE
	EndGlobalSection
	GlobalSection(ExtensibilityGlobals) = postSolution
		SolutionGuid = {057BBB1E-75FB-4711-9F8E-372114B8F94B}
	EndGlobalSection
EndGlobal
